# @generated by Move, please check-in and do not edit manually.

[move]
version = 3
manifest_digest = "C0140621CA7F5A6BFDB1F56818350A4E3E28B250B957823C0044901F1CE9EF0E"
deps_digest = "F8BBB0CCB2491CA29A3DF03D6F92277A4F3574266507ACD77214D37ECA3F3082"
dependencies = [
  { id = "Sui", name = "Sui" },
]

[[move.package]]
id = "MoveStdlib"
source = { git = "https://github.com/MystenLabs/sui.git", rev = "framework/testnet", subdir = "crates/sui-framework/packages/move-stdlib" }

[[move.package]]
id = "Sui"
source = { git = "https://github.com/MystenLabs/sui.git", rev = "framework/testnet", subdir = "crates/sui-framework/packages/sui-framework" }

dependencies = [
  { id = "MoveStdlib", name = "MoveStdlib" },
]

[move.toolchain-version]
compiler-version = "1.44.0"
edition = "2024.beta"
flavor = "sui"

[env]

[env.testnet]
chain-id = "4c78adac"
original-published-id = "0x9b19fdb181941a257cedcad45bf354a9d4ce04326b726d3ba0eb48693f7c68ff"
latest-published-id = "0x9b19fdb181941a257cedcad45bf354a9d4ce04326b726d3ba0eb48693f7c68ff"
published-version = "1"
